
Microsoft Visual Studio Solution File, Format Version 12.00
# Visual Studio Version 17
VisualStudioVersion = 17.10.35027.167
MinimumVisualStudioVersion = 10.0.40219.1
Project("{FAE04EC0-301F-11D3-BF4B-00C04F79EFBC}") = "Bai3.12.4", "Bai3.12.4\Bai3.12.4.csproj", "{17D5B675-00A3-469F-B3C5-15E586995298}"
EndProject
Global
	GlobalSection(SolutionConfigurationPlatforms) = preSolution
		Debug|Any CPU = Debug|Any CPU
		Release|Any CPU = Release|Any CPU
	EndGlobalSection
	GlobalSection(ProjectConfigurationPlatforms) = postSolution
		{17D5B675-00A3-469F-B3C5-15E586995298}.Debug|Any CPU.ActiveCfg = Debug|Any CPU
		{17D5B675-00A3-469F-B3C5-15E586995298}.Debug|Any CPU.Build.0 = Debug|Any CPU
		{17D5B675-00A3-469F-B3C5-15E586995298}.Release|Any CPU.ActiveCfg = Release|Any CPU
		{17D5B675-00A3-469F-B3C5-15E586995298}.Release|Any CPU.Build.0 = Release|Any CPU
	EndGlobalSection
	GlobalSection(SolutionProperties) = preSolution
		HideSolutionNode = FALSE
	EndGlobalSection
	GlobalSection(ExtensibilityGlobals) = postSolution
		SolutionGuid = {AA7F28E1-F4BF-4F3F-9F65-B0699F06B0A2}
	EndGlobalSection
EndGlobal
